
Microsoft Visual Studio Solution File, Format Version 12.00
# Visual Studio 15
VisualStudioVersion = 15.0.26403.7
MinimumVisualStudioVersion = 10.0.40219.1
Project("{FAE04EC0-301F-11D3-BF4B-00C04F79EFBC}") = "ERPInterface", "ERPInterface\ERPInterface.csproj", "{ACCF5E77-8511-4FBA-AC4D-136332D157EA}"
EndProject
Project("{FAE04EC0-301F-11D3-BF4B-00C04F79EFBC}") = "test", "test\test\test.csproj", "{5E8CE216-AF2F-4F49-A140-DD214E5ED010}"
	ProjectSection(ProjectDependencies) = postProject
		{ACCF5E77-8511-4FBA-AC4D-136332D157EA} = {ACCF5E77-8511-4FBA-AC4D-136332D157EA}
	EndProjectSection
EndProject
Global
	GlobalSection(SolutionConfigurationPlatforms) = preSolution
		Debug|Any CPU = Debug|Any CPU
		Release|Any CPU = Release|Any CPU
	EndGlobalSection
	GlobalSection(ProjectConfigurationPlatforms) = postSolution
		{ACCF5E77-8511-4FBA-AC4D-136332D157EA}.Debug|Any CPU.ActiveCfg = Debug|Any CPU
		{ACCF5E77-8511-4FBA-AC4D-136332D157EA}.Debug|Any CPU.Build.0 = Debug|Any CPU
		{ACCF5E77-8511-4FBA-AC4D-136332D157EA}.Release|Any CPU.ActiveCfg = Release|Any CPU
		{ACCF5E77-8511-4FBA-AC4D-136332D157EA}.Release|Any CPU.Build.0 = Release|Any CPU
		{5E8CE216-AF2F-4F49-A140-DD214E5ED010}.Debug|Any CPU.ActiveCfg = Debug|Any CPU
		{5E8CE216-AF2F-4F49-A140-DD214E5ED010}.Debug|Any CPU.Build.0 = Debug|Any CPU
		{5E8CE216-AF2F-4F49-A140-DD214E5ED010}.Release|Any CPU.ActiveCfg = Release|Any CPU
		{5E8CE216-AF2F-4F49-A140-DD214E5ED010}.Release|Any CPU.Build.0 = Release|Any CPU
	EndGlobalSection
	GlobalSection(SolutionProperties) = preSolution
		HideSolutionNode = FALSE
	EndGlobalSection
EndGlobal
